
Microsoft Visual Studio Solution File, Format Version 12.00
# Visual Studio Version 17
VisualStudioVersion = 17.5.002.0
MinimumVisualStudioVersion = 10.0.40219.1
Project("{9A19103F-16F7-4668-BE54-9A1E7A4F7556}") = "DesafioPOO", "DesafioPOO.csproj", "{87A841FE-0410-4E54-98AF-4A9F8F89025D}"
EndProject
Global
	GlobalSection(SolutionConfigurationPlatforms) = preSolution
		Debug|Any CPU = Debug|Any CPU
		Release|Any CPU = Release|Any CPU
	EndGlobalSection
	GlobalSection(ProjectConfigurationPlatforms) = postSolution
		{87A841FE-0410-4E54-98AF-4A9F8F89025D}.Debug|Any CPU.ActiveCfg = Debug|Any CPU
		{87A841FE-0410-4E54-98AF-4A9F8F89025D}.Debug|Any CPU.Build.0 = Debug|Any CPU
		{87A841FE-0410-4E54-98AF-4A9F8F89025D}.Release|Any CPU.ActiveCfg = Release|Any CPU
		{87A841FE-0410-4E54-98AF-4A9F8F89025D}.Release|Any CPU.Build.0 = Release|Any CPU
	EndGlobalSection
	GlobalSection(SolutionProperties) = preSolution
		HideSolutionNode = FALSE
	EndGlobalSection
	GlobalSection(ExtensibilityGlobals) = postSolution
		SolutionGuid = {3EB2A164-0B32-406B-99D2-8869B1D6C6EE}
	EndGlobalSection
EndGlobal
